
Microsoft Visual Studio Solution File, Format Version 12.00
# Visual Studio Version 17
VisualStudioVersion = 17.12.35707.178 d17.12
MinimumVisualStudioVersion = 10.0.40219.1
Project("{FAE04EC0-301F-11D3-BF4B-00C04F79EFBC}") = "Project.CSS.Revise.Web", "Project.CSS.Revise.Web\Project.CSS.Revise.Web.csproj", "{E9AB10D0-7C8F-4E57-A397-F27C26B0B772}"
EndProject
Global
	GlobalSection(SolutionConfigurationPlatforms) = preSolution
		Debug|Any CPU = Debug|Any CPU
		Release|Any CPU = Release|Any CPU
	EndGlobalSection
	GlobalSection(ProjectConfigurationPlatforms) = postSolution
		{E9AB10D0-7C8F-4E57-A397-F27C26B0B772}.Debug|Any CPU.ActiveCfg = Debug|Any CPU
		{E9AB10D0-7C8F-4E57-A397-F27C26B0B772}.Debug|Any CPU.Build.0 = Debug|Any CPU
		{E9AB10D0-7C8F-4E57-A397-F27C26B0B772}.Release|Any CPU.ActiveCfg = Release|Any CPU
		{E9AB10D0-7C8F-4E57-A397-F27C26B0B772}.Release|Any CPU.Build.0 = Release|Any CPU
	EndGlobalSection
	GlobalSection(SolutionProperties) = preSolution
		HideSolutionNode = FALSE
	EndGlobalSection
EndGlobal
